
Microsoft Visual Studio Solution File, Format Version 12.00
# Visual Studio Version 16
VisualStudioVersion = 16.0.29806.167
MinimumVisualStudioVersion = 10.0.40219.1
Project("{F184B08F-C81C-45F6-A57F-5ABD9991F28F}") = "steam_game_updater", "steam_game_updater\steam_game_updater.vbproj", "{380A4765-13B5-4C88-9E4E-DD42F6A4A923}"
EndProject
Global
	GlobalSection(SolutionConfigurationPlatforms) = preSolution
		Debug|Any CPU = Debug|Any CPU
		Release|Any CPU = Release|Any CPU
	EndGlobalSection
	GlobalSection(ProjectConfigurationPlatforms) = postSolution
		{380A4765-13B5-4C88-9E4E-DD42F6A4A923}.Debug|Any CPU.ActiveCfg = Debug|Any CPU
		{380A4765-13B5-4C88-9E4E-DD42F6A4A923}.Debug|Any CPU.Build.0 = Debug|Any CPU
		{380A4765-13B5-4C88-9E4E-DD42F6A4A923}.Release|Any CPU.ActiveCfg = Release|Any CPU
		{380A4765-13B5-4C88-9E4E-DD42F6A4A923}.Release|Any CPU.Build.0 = Release|Any CPU
	EndGlobalSection
	GlobalSection(SolutionProperties) = preSolution
		HideSolutionNode = FALSE
	EndGlobalSection
	GlobalSection(ExtensibilityGlobals) = postSolution
		SolutionGuid = {6A8CDCDC-B608-470A-A0A0-CEADF55FBEBA}
	EndGlobalSection
EndGlobal
